<?xml version="1.0" encoding="utf-8"?>
<Project ToolsVersion="4.0" xmlns="http://schemas.microsoft.com/developer/msbuild/2003">
  <ItemGroup>
    <Filter Include="Source Files">
      <UniqueIdentifier>{4FC737F1-C7A5-4376-A066-2A32D752A2FF}</UniqueIdentifier>
      <Extensions>cpp;c;cc;cxx;c++;cppm;ixx;def;odl;idl;hpj;bat;asm;asmx</Extensions>
    </Filter>
    <Filter Include="Header Files">
      <UniqueIdentifier>{93995380-89BD-4b04-88EB-625FBE52EBFB}</UniqueIdentifier>
      <Extensions>h;hh;hpp;hxx;h++;hm;inl;inc;ipp;xsd</Extensions>
    </Filter>
    <Filter Include="Resource Files">
      <UniqueIdentifier>{67DA6AB6-F800-4c08-8B7A-83BB121AAD01}</UniqueIdentifier>
      <Extensions>rc;ico;cur;bmp;dlg;rc2;rct;bin;rgs;gif;jpg;jpeg;jpe;resx;tiff;tif;png;wav;mfcribbon-ms</Extensions>
    </Filter>
  </ItemGroup>
  <ItemGroup>
    <ClInclude Include="include\asapp\interfaces\iinterface.h">
      <Filter>Header Files</Filter>
    </ClInclude>
    <ClInclude Include="include\asapp\game\window.h">
      <Filter>Header Files</Filter>
    </ClInclude>
    <ClInclude Include="include\asapp\interfaces\baseinventory.h">
      <Filter>Header Files</Filter>
    </ClInclude>
    <ClInclude Include="include\asapp\interfaces\interfacemanager.h">
      <Filter>Header Files</Filter>
    </ClInclude>
    <ClInclude Include="include\asapp\interfaces\components\iinterfacecomponent.h">
      <Filter>Header Files</Filter>
    </ClInclude>
    <ClInclude Include="include\asapp\interfaces\components\searchbar.h">
      <Filter>Header Files</Filter>
    </ClInclude>
    <ClInclude Include="include\asapp\interfaces\components\button.h">
      <Filter>Header Files</Filter>
    </ClInclude>
    <ClInclude Include="include\asapp\interfaces\engrams.h">
      <Filter>Header Files</Filter>
    </ClInclude>
    <ClInclude Include="include\asapp\interfaces\tribemanager.h">
      <Filter>Header Files</Filter>
    </ClInclude>
    <ClInclude Include="include\asapp\interfaces\trackingtab.h">
      <Filter>Header Files</Filter>
    </ClInclude>
    <ClInclude Include="include\asapp\interfaces\explorernotes.h">
      <Filter>Header Files</Filter>
    </ClInclude>
    <ClInclude Include="include\asapp\interfaces\map.h">
      <Filter>Header Files</Filter>
    </ClInclude>
    <ClInclude Include="include\asapp\interfaces\minimap.h">
      <Filter>Header Files</Filter>
    </ClInclude>
    <ClInclude Include="include\asapp\interfaces\menu.h">
      <Filter>Header Files</Filter>
    </ClInclude>
    <ClInclude Include="include\asapp\interfaces\components\combobox.h">
      <Filter>Header Files</Filter>
    </ClInclude>
    <ClInclude Include="include\asapp\items\items.h">
      <Filter>Header Files</Filter>
    </ClInclude>
    <ClInclude Include="include\asapp\interfaces\interfaces.h">
      <Filter>Header Files</Filter>
    </ClInclude>
    <ClInclude Include="include\asapp\entities\baseentity.h">
      <Filter>Header Files</Filter>
    </ClInclude>
    <ClInclude Include="include\asapp\entities\playerent.h">
      <Filter>Header Files</Filter>
    </ClInclude>
    <ClInclude Include="include\asapp\entities\dinoent.h">
      <Filter>Header Files</Filter>
    </ClInclude>
    <ClInclude Include="include\asapp\game\settings.h">
      <Filter>Header Files</Filter>
    </ClInclude>
    <ClInclude Include="include\asapp\items\recipe.h">
      <Filter>Header Files</Filter>
    </ClInclude>
    <ClInclude Include="include\asapp\game\globals.h">
      <Filter>Header Files</Filter>
    </ClInclude>
    <ClInclude Include="include\asapp\game\controls.h">
      <Filter>Header Files</Filter>
    </ClInclude>
    <ClInclude Include="include\asapp\game\resources.h">
      <Filter>Header Files</Filter>
    </ClInclude>
    <ClInclude Include="include\asapp\interfaces\mainmenu.h">
      <Filter>Header Files</Filter>
    </ClInclude>
    <ClInclude Include="include\asapp\interfaces\modeselect.h">
      <Filter>Header Files</Filter>
    </ClInclude>
    <ClInclude Include="include\asapp\interfaces\serverselect.h">
      <Filter>Header Files</Filter>
    </ClInclude>
    <ClInclude Include="include\asapp\interfaces\localinventory.h">
      <Filter>Header Files</Filter>
    </ClInclude>
    <ClInclude Include="source\util\util.h">
      <Filter>Header Files</Filter>
    </ClInclude>
    <ClInclude Include="include\asapp\interfaces\exceptions.h">
      <Filter>Header Files</Filter>
    </ClInclude>
    <ClInclude Include="include\asapp\interfaces\basetravelmap.h">
      <Filter>Header Files</Filter>
    </ClInclude>
    <ClInclude Include="include\asapp\interfaces\teleportmap.h">
      <Filter>Header Files</Filter>
    </ClInclude>
    <ClInclude Include="include\asapp\interfaces\travelmap.h">
      <Filter>Header Files</Filter>
    </ClInclude>
    <ClInclude Include="include\asapp\interfaces\spawnmap.h">
      <Filter>Header Files</Filter>
    </ClInclude>
    <ClInclude Include="include\asapp\interfaces\baseentityinfo.h">
      <Filter>Header Files</Filter>
    </ClInclude>
    <ClInclude Include="include\asapp\interfaces\playerinfo.h">
      <Filter>Header Files</Filter>
    </ClInclude>
    <ClInclude Include="include\asapp\interfaces\dinoinfo.h">
      <Filter>Header Files</Filter>
    </ClInclude>
    <ClInclude Include="include\asapp\interfaces\containerinfo.h">
      <Filter>Header Files</Filter>
    </ClInclude>
    <ClInclude Include="include\asapp\interfaces\baseinfo.h">
      <Filter>Header Files</Filter>
    </ClInclude>
    <ClInclude Include="include\asapp\entities\localplayer.h">
      <Filter>Header Files</Filter>
    </ClInclude>
    <ClInclude Include="include\asapp\entities\entities.h">
      <Filter>Header Files</Filter>
    </ClInclude>
    <ClInclude Include="source\interfaces\hud.h">
      <Filter>Header Files</Filter>
    </ClInclude>
    <ClInclude Include="include\asapp\structures\basestructure.h">
      <Filter>Header Files</Filter>
    </ClInclude>
    <ClInclude Include="include\asapp\structures\container.h">
      <Filter>Header Files</Filter>
    </ClInclude>
    <ClInclude Include="include\asapp\structures\dedicatedstorage.h">
      <Filter>Header Files</Filter>
    </ClInclude>
    <ClInclude Include="include\asapp\structures\interactablestructure.h">
      <Filter>Header Files</Filter>
    </ClInclude>
    <ClInclude Include="include\asapp\structures\simplebed.h">
      <Filter>Header Files</Filter>
    </ClInclude>
    <ClInclude Include="include\asapp\structures\exceptions.h">
      <Filter>Header Files</Filter>
    </ClInclude>
    <ClInclude Include="include\asapp\structures\cavelootcrate.h">
      <Filter>Header Files</Filter>
    </ClInclude>
    <ClInclude Include="include\asapp\core\config.h">
      <Filter>Header Files</Filter>
    </ClInclude>
    <ClInclude Include="include\asapp\core\init.h">
      <Filter>Header Files</Filter>
    </ClInclude>
    <ClInclude Include="include\asapp\structures\teleporter.h">
      <Filter>Header Files</Filter>
    </ClInclude>
    <ClInclude Include="include\asapp\interfaces\actionwheel.h">
      <Filter>Header Files</Filter>
    </ClInclude>
    <ClInclude Include="include\asapp\entities\exceptions.h">
      <Filter>Header Files</Filter>
    </ClInclude>
    <ClInclude Include="include\asapp\core\exceptions.h">
      <Filter>Header Files</Filter>
    </ClInclude>
    <ClInclude Include="source\core\wrappers.h">
      <Filter>Header Files</Filter>
    </ClInclude>
  </ItemGroup>
  <ItemGroup>
    <None Include=".clang-format" />
    <None Include="source\itemdata.json" />
  </ItemGroup>
  <ItemGroup>
    <ClCompile Include="source\game\window.cpp">
      <Filter>Source Files</Filter>
    </ClCompile>
    <ClCompile Include="source\game\settings.cpp">
      <Filter>Source Files</Filter>
    </ClCompile>
    <ClCompile Include="source\game\controls.cpp">
      <Filter>Source Files</Filter>
    </ClCompile>
    <ClCompile Include="source\interfaces\interfacemanager.cpp">
      <Filter>Source Files</Filter>
    </ClCompile>
    <ClCompile Include="source\interfaces\baseinventory.cpp">
      <Filter>Source Files</Filter>
    </ClCompile>
    <ClCompile Include="source\interfaces\components\searchbar.cpp">
      <Filter>Source Files</Filter>
    </ClCompile>
    <ClCompile Include="source\game\resources.cpp">
      <Filter>Source Files</Filter>
    </ClCompile>
    <ClCompile Include="source\interfaces\localinventory.cpp">
      <Filter>Source Files</Filter>
    </ClCompile>
    <ClCompile Include="source\util\util.cpp">
      <Filter>Source Files</Filter>
    </ClCompile>
    <ClCompile Include="source\interfaces\exceptions.cpp">
      <Filter>Source Files</Filter>
    </ClCompile>
    <ClCompile Include="source\interfaces\components\button.cpp">
      <Filter>Source Files</Filter>
    </ClCompile>
    <ClCompile Include="source\items\items.cpp">
      <Filter>Source Files</Filter>
    </ClCompile>
    <ClCompile Include="source\interfaces\basetravelmap.cpp">
      <Filter>Source Files</Filter>
    </ClCompile>
    <ClCompile Include="source\interfaces\teleportmap.cpp">
      <Filter>Source Files</Filter>
    </ClCompile>
    <ClCompile Include="source\interfaces\travelmap.cpp">
      <Filter>Source Files</Filter>
    </ClCompile>
    <ClCompile Include="source\interfaces\spawnmap.cpp">
      <Filter>Source Files</Filter>
    </ClCompile>
    <ClCompile Include="source\interfaces\playerinfo.cpp">
      <Filter>Source Files</Filter>
    </ClCompile>
    <ClCompile Include="source\entities\localplayer.cpp">
      <Filter>Source Files</Filter>
    </ClCompile>
    <ClCompile Include="source\interfaces\hud.cpp">
      <Filter>Source Files</Filter>
    </ClCompile>
    <ClCompile Include="source\entities\dinoent.cpp">
      <Filter>Source Files</Filter>
    </ClCompile>
    <ClCompile Include="source\structures\exceptions.cpp">
      <Filter>Source Files</Filter>
    </ClCompile>
    <ClCompile Include="source\structures\cavelootcreate.cpp">
      <Filter>Source Files</Filter>
    </ClCompile>
    <ClCompile Include="source\core\config.cpp">
      <Filter>Source Files</Filter>
    </ClCompile>
    <ClCompile Include="source\core\init.cpp">
      <Filter>Source Files</Filter>
    </ClCompile>
    <ClCompile Include="source\interfaces\actionwheel.cpp">
      <Filter>Source Files</Filter>
    </ClCompile>
    <ClCompile Include="source\core\exceptions.cpp">
      <Filter>Source Files</Filter>
    </ClCompile>
    <ClCompile Include="source\core\wrappers.cpp">
      <Filter>Source Files</Filter>
    </ClCompile>
    <ClCompile Include="source\interfaces\mainmenu.cpp">
      <Filter>Source Files</Filter>
    </ClCompile>
    <ClCompile Include="source\entities\exceptions.cpp">
      <Filter>Source Files</Filter>
    </ClCompile>
    <ClCompile Include="source\interfaces\structureinfo.cpp">
      <Filter>Source Files</Filter>
    </ClCompile>
    <ClCompile Include="source\structures\container.cpp">
      <Filter>Source Files</Filter>
    </ClCompile>
    <ClCompile Include="source\interfaces\modeselect.cpp">
      <Filter>Source Files</Filter>
    </ClCompile>
    <ClCompile Include="source\interfaces\serverselect.cpp">
      <Filter>Source Files</Filter>
    </ClCompile>
  </ItemGroup>
</Project>